
Microsoft Visual Studio Solution File, Format Version 12.00
# Visual Studio Version 17
VisualStudioVersion = 17.0.31903.59
MinimumVisualStudioVersion = 10.0.40219.1
Project("{2150E333-8FDC-42A3-9474-1A3956D46DE8}") = "src", "src", "{827E0CD3-B72D-47B6-A68D-7590B98EB39B}"
EndProject
Project("{2150E333-8FDC-42A3-9474-1A3956D46DE8}") = "ApiGateway", "ApiGateway", "{FCA01246-F2C6-0AA7-D43F-FD13BE0B9D88}"
EndProject
Project("{FAE04EC0-301F-11D3-BF4B-00C04F79EFBC}") = "ApiGateway", "src\ApiGateway\ApiGateway\ApiGateway.csproj", "{BB88CC5A-2F55-4BF1-AFD3-64245CA676E0}"
EndProject
Project("{2150E333-8FDC-42A3-9474-1A3956D46DE8}") = "ProductService", "ProductService", "{F34E43FA-627A-8966-7BCB-0DBE3D5440B1}"
EndProject
Project("{FAE04EC0-301F-11D3-BF4B-00C04F79EFBC}") = "ProductService", "src\ProductService\ProductService\ProductService.csproj", "{23D1EB08-BCF1-4B2A-946F-5B619BBD1C4D}"
EndProject
Project("{2150E333-8FDC-42A3-9474-1A3956D46DE8}") = "UserService", "UserService", "{CB753486-031C-08A7-C788-4C8CBC49DED1}"
EndProject
Project("{FAE04EC0-301F-11D3-BF4B-00C04F79EFBC}") = "UserService", "src\UserService\UserService\UserService.csproj", "{83EA8CA2-FF46-4A7F-B87D-066CDCB76BCF}"
EndProject
Project("{2150E333-8FDC-42A3-9474-1A3956D46DE8}") = "tests", "tests", "{0AB3BF05-4346-4AA6-1389-037BE0695223}"
EndProject
Project("{FAE04EC0-301F-11D3-BF4B-00C04F79EFBC}") = "ApiGateway.Tests", "tests\ApiGateway.Tests\ApiGateway.Tests.csproj", "{DB915A1E-6BAE-460D-B64E-DCAFF9D1F7FA}"
EndProject
Project("{FAE04EC0-301F-11D3-BF4B-00C04F79EFBC}") = "ProductService.Tests", "tests\ProductService.Tests\ProductService.Tests.csproj", "{683DC2AB-74BA-4745-B082-2E9361E62E0D}"
EndProject
Project("{FAE04EC0-301F-11D3-BF4B-00C04F79EFBC}") = "UserService.Tests", "tests\UserService.Tests\UserService.Tests.csproj", "{2A5B0335-5C57-43D5-ABC4-AB0C711611DC}"
EndProject
Global
	GlobalSection(SolutionConfigurationPlatforms) = preSolution
		Debug|Any CPU = Debug|Any CPU
		Debug|x64 = Debug|x64
		Debug|x86 = Debug|x86
		Release|Any CPU = Release|Any CPU
		Release|x64 = Release|x64
		Release|x86 = Release|x86
	EndGlobalSection
	GlobalSection(ProjectConfigurationPlatforms) = postSolution
		{BB88CC5A-2F55-4BF1-AFD3-64245CA676E0}.Debug|Any CPU.ActiveCfg = Debug|Any CPU
		{BB88CC5A-2F55-4BF1-AFD3-64245CA676E0}.Debug|Any CPU.Build.0 = Debug|Any CPU
		{BB88CC5A-2F55-4BF1-AFD3-64245CA676E0}.Debug|x64.ActiveCfg = Debug|Any CPU
		{BB88CC5A-2F55-4BF1-AFD3-64245CA676E0}.Debug|x64.Build.0 = Debug|Any CPU
		{BB88CC5A-2F55-4BF1-AFD3-64245CA676E0}.Debug|x86.ActiveCfg = Debug|Any CPU
		{BB88CC5A-2F55-4BF1-AFD3-64245CA676E0}.Debug|x86.Build.0 = Debug|Any CPU
		{BB88CC5A-2F55-4BF1-AFD3-64245CA676E0}.Release|Any CPU.ActiveCfg = Release|Any CPU
		{BB88CC5A-2F55-4BF1-AFD3-64245CA676E0}.Release|Any CPU.Build.0 = Release|Any CPU
		{BB88CC5A-2F55-4BF1-AFD3-64245CA676E0}.Release|x64.ActiveCfg = Release|Any CPU
		{BB88CC5A-2F55-4BF1-AFD3-64245CA676E0}.Release|x64.Build.0 = Release|Any CPU
		{BB88CC5A-2F55-4BF1-AFD3-64245CA676E0}.Release|x86.ActiveCfg = Release|Any CPU
		{BB88CC5A-2F55-4BF1-AFD3-64245CA676E0}.Release|x86.Build.0 = Release|Any CPU
		{23D1EB08-BCF1-4B2A-946F-5B619BBD1C4D}.Debug|Any CPU.ActiveCfg = Debug|Any CPU
		{23D1EB08-BCF1-4B2A-946F-5B619BBD1C4D}.Debug|Any CPU.Build.0 = Debug|Any CPU
		{23D1EB08-BCF1-4B2A-946F-5B619BBD1C4D}.Debug|x64.ActiveCfg = Debug|Any CPU
		{23D1EB08-BCF1-4B2A-946F-5B619BBD1C4D}.Debug|x64.Build.0 = Debug|Any CPU
		{23D1EB08-BCF1-4B2A-946F-5B619BBD1C4D}.Debug|x86.ActiveCfg = Debug|Any CPU
		{23D1EB08-BCF1-4B2A-946F-5B619BBD1C4D}.Debug|x86.Build.0 = Debug|Any CPU
		{23D1EB08-BCF1-4B2A-946F-5B619BBD1C4D}.Release|Any CPU.ActiveCfg = Release|Any CPU
		{23D1EB08-BCF1-4B2A-946F-5B619BBD1C4D}.Release|Any CPU.Build.0 = Release|Any CPU
		{23D1EB08-BCF1-4B2A-946F-5B619BBD1C4D}.Release|x64.ActiveCfg = Release|Any CPU
		{23D1EB08-BCF1-4B2A-946F-5B619BBD1C4D}.Release|x64.Build.0 = Release|Any CPU
		{23D1EB08-BCF1-4B2A-946F-5B619BBD1C4D}.Release|x86.ActiveCfg = Release|Any CPU
		{23D1EB08-BCF1-4B2A-946F-5B619BBD1C4D}.Release|x86.Build.0 = Release|Any CPU
		{83EA8CA2-FF46-4A7F-B87D-066CDCB76BCF}.Debug|Any CPU.ActiveCfg = Debug|Any CPU
		{83EA8CA2-FF46-4A7F-B87D-066CDCB76BCF}.Debug|Any CPU.Build.0 = Debug|Any CPU
		{83EA8CA2-FF46-4A7F-B87D-066CDCB76BCF}.Debug|x64.ActiveCfg = Debug|Any CPU
		{83EA8CA2-FF46-4A7F-B87D-066CDCB76BCF}.Debug|x64.Build.0 = Debug|Any CPU
		{83EA8CA2-FF46-4A7F-B87D-066CDCB76BCF}.Debug|x86.ActiveCfg = Debug|Any CPU
		{83EA8CA2-FF46-4A7F-B87D-066CDCB76BCF}.Debug|x86.Build.0 = Debug|Any CPU
		{83EA8CA2-FF46-4A7F-B87D-066CDCB76BCF}.Release|Any CPU.ActiveCfg = Release|Any CPU
		{83EA8CA2-FF46-4A7F-B87D-066CDCB76BCF}.Release|Any CPU.Build.0 = Release|Any CPU
		{83EA8CA2-FF46-4A7F-B87D-066CDCB76BCF}.Release|x64.ActiveCfg = Release|Any CPU
		{83EA8CA2-FF46-4A7F-B87D-066CDCB76BCF}.Release|x64.Build.0 = Release|Any CPU
		{83EA8CA2-FF46-4A7F-B87D-066CDCB76BCF}.Release|x86.ActiveCfg = Release|Any CPU
		{83EA8CA2-FF46-4A7F-B87D-066CDCB76BCF}.Release|x86.Build.0 = Release|Any CPU
		{DB915A1E-6BAE-460D-B64E-DCAFF9D1F7FA}.Debug|Any CPU.ActiveCfg = Debug|Any CPU
		{DB915A1E-6BAE-460D-B64E-DCAFF9D1F7FA}.Debug|Any CPU.Build.0 = Debug|Any CPU
		{DB915A1E-6BAE-460D-B64E-DCAFF9D1F7FA}.Debug|x64.ActiveCfg = Debug|Any CPU
		{DB915A1E-6BAE-460D-B64E-DCAFF9D1F7FA}.Debug|x64.Build.0 = Debug|Any CPU
		{DB915A1E-6BAE-460D-B64E-DCAFF9D1F7FA}.Debug|x86.ActiveCfg = Debug|Any CPU
		{DB915A1E-6BAE-460D-B64E-DCAFF9D1F7FA}.Debug|x86.Build.0 = Debug|Any CPU
		{DB915A1E-6BAE-460D-B64E-DCAFF9D1F7FA}.Release|Any CPU.ActiveCfg = Release|Any CPU
		{DB915A1E-6BAE-460D-B64E-DCAFF9D1F7FA}.Release|Any CPU.Build.0 = Release|Any CPU
		{DB915A1E-6BAE-460D-B64E-DCAFF9D1F7FA}.Release|x64.ActiveCfg = Release|Any CPU
		{DB915A1E-6BAE-460D-B64E-DCAFF9D1F7FA}.Release|x64.Build.0 = Release|Any CPU
		{DB915A1E-6BAE-460D-B64E-DCAFF9D1F7FA}.Release|x86.ActiveCfg = Release|Any CPU
		{DB915A1E-6BAE-460D-B64E-DCAFF9D1F7FA}.Release|x86.Build.0 = Release|Any CPU
		{683DC2AB-74BA-4745-B082-2E9361E62E0D}.Debug|Any CPU.ActiveCfg = Debug|Any CPU
		{683DC2AB-74BA-4745-B082-2E9361E62E0D}.Debug|Any CPU.Build.0 = Debug|Any CPU
		{683DC2AB-74BA-4745-B082-2E9361E62E0D}.Debug|x64.ActiveCfg = Debug|Any CPU
		{683DC2AB-74BA-4745-B082-2E9361E62E0D}.Debug|x64.Build.0 = Debug|Any CPU
		{683DC2AB-74BA-4745-B082-2E9361E62E0D}.Debug|x86.ActiveCfg = Debug|Any CPU
		{683DC2AB-74BA-4745-B082-2E9361E62E0D}.Debug|x86.Build.0 = Debug|Any CPU
		{683DC2AB-74BA-4745-B082-2E9361E62E0D}.Release|Any CPU.ActiveCfg = Release|Any CPU
		{683DC2AB-74BA-4745-B082-2E9361E62E0D}.Release|Any CPU.Build.0 = Release|Any CPU
		{683DC2AB-74BA-4745-B082-2E9361E62E0D}.Release|x64.ActiveCfg = Release|Any CPU
		{683DC2AB-74BA-4745-B082-2E9361E62E0D}.Release|x64.Build.0 = Release|Any CPU
		{683DC2AB-74BA-4745-B082-2E9361E62E0D}.Release|x86.ActiveCfg = Release|Any CPU
		{683DC2AB-74BA-4745-B082-2E9361E62E0D}.Release|x86.Build.0 = Release|Any CPU
		{2A5B0335-5C57-43D5-ABC4-AB0C711611DC}.Debug|Any CPU.ActiveCfg = Debug|Any CPU
		{2A5B0335-5C57-43D5-ABC4-AB0C711611DC}.Debug|Any CPU.Build.0 = Debug|Any CPU
		{2A5B0335-5C57-43D5-ABC4-AB0C711611DC}.Debug|x64.ActiveCfg = Debug|Any CPU
		{2A5B0335-5C57-43D5-ABC4-AB0C711611DC}.Debug|x64.Build.0 = Debug|Any CPU
		{2A5B0335-5C57-43D5-ABC4-AB0C711611DC}.Debug|x86.ActiveCfg = Debug|Any CPU
		{2A5B0335-5C57-43D5-ABC4-AB0C711611DC}.Debug|x86.Build.0 = Debug|Any CPU
		{2A5B0335-5C57-43D5-ABC4-AB0C711611DC}.Release|Any CPU.ActiveCfg = Release|Any CPU
		{2A5B0335-5C57-43D5-ABC4-AB0C711611DC}.Release|Any CPU.Build.0 = Release|Any CPU
		{2A5B0335-5C57-43D5-ABC4-AB0C711611DC}.Release|x64.ActiveCfg = Release|Any CPU
		{2A5B0335-5C57-43D5-ABC4-AB0C711611DC}.Release|x64.Build.0 = Release|Any CPU
		{2A5B0335-5C57-43D5-ABC4-AB0C711611DC}.Release|x86.ActiveCfg = Release|Any CPU
		{2A5B0335-5C57-43D5-ABC4-AB0C711611DC}.Release|x86.Build.0 = Release|Any CPU
	EndGlobalSection
	GlobalSection(SolutionProperties) = preSolution
		HideSolutionNode = FALSE
	EndGlobalSection
	GlobalSection(NestedProjects) = preSolution
		{FCA01246-F2C6-0AA7-D43F-FD13BE0B9D88} = {827E0CD3-B72D-47B6-A68D-7590B98EB39B}
		{BB88CC5A-2F55-4BF1-AFD3-64245CA676E0} = {FCA01246-F2C6-0AA7-D43F-FD13BE0B9D88}
		{F34E43FA-627A-8966-7BCB-0DBE3D5440B1} = {827E0CD3-B72D-47B6-A68D-7590B98EB39B}
		{23D1EB08-BCF1-4B2A-946F-5B619BBD1C4D} = {F34E43FA-627A-8966-7BCB-0DBE3D5440B1}
		{CB753486-031C-08A7-C788-4C8CBC49DED1} = {827E0CD3-B72D-47B6-A68D-7590B98EB39B}
		{83EA8CA2-FF46-4A7F-B87D-066CDCB76BCF} = {CB753486-031C-08A7-C788-4C8CBC49DED1}
		{DB915A1E-6BAE-460D-B64E-DCAFF9D1F7FA} = {0AB3BF05-4346-4AA6-1389-037BE0695223}
		{683DC2AB-74BA-4745-B082-2E9361E62E0D} = {0AB3BF05-4346-4AA6-1389-037BE0695223}
		{2A5B0335-5C57-43D5-ABC4-AB0C711611DC} = {0AB3BF05-4346-4AA6-1389-037BE0695223}
	EndGlobalSection
EndGlobal
